version = 1
revision = 3
requires-python = ">=3.8"
resolution-markers = [
    "python_full_version >= '3.9'",
    "python_full_version < '3.9'",
]

[[package]]
name = "comtypes"
version = "1.4.12"
source = { registry = "https://pypi.org/simple" }
resolution-markers = [
    "python_full_version < '3.9'",
]
sdist = { url = "https://files.pythonhosted.org/packages/b6/b8/3af03195b9de515448292169c6d6d7a630de02bedf891a47b809638c186f/comtypes-1.4.12.zip", hash = "sha256:3ff06c442c2de8a2b25785407f244eb5b6f809d21cf068a855071ba80a76876f", size = 280541, upload-time = "2025-08-27T23:47:33.155Z" }
wheels = [
    { url = "https://files.pythonhosted.org/packages/2d/01/89285549c5138009db68f26c80f2174d0ec82a858547df0cc40a8b0a47d6/comtypes-1.4.12-py3-none-any.whl", hash = "sha256:e0fa9cc19c489fa7feea4c1710f4575c717e2673edef5b99bf99efd507908e44", size = 253704, upload-time = "2025-08-27T23:47:31.58Z" },
]

[[package]]
name = "comtypes"
version = "1.4.13"
source = { registry = "https://pypi.org/simple" }
resolution-markers = [
    "python_full_version >= '3.9'",
]
sdist = { url = "https://files.pythonhosted.org/packages/c0/5c/848f18615227fe20f5ba61b271bbeb670f2ea894f76fb3a533e53d4b52d4/comtypes-1.4.13.zip", hash = "sha256:fc573997ae32b374891cfa8d79ebb8289809ed3a4a3f789d5348371099c7788a", size = 281325, upload-time = "2025-10-12T14:25:09.061Z" }
wheels = [
    { url = "https://files.pythonhosted.org/packages/66/95/f30c80615fda0d3c0ee6493ac9db61183313b43499b62dec136773b0e870/comtypes-1.4.13-py3-none-any.whl", hash = "sha256:21546210748ba52e839e52112124b16ffab7d7fb68096493165fbc249e9023ad", size = 254433, upload-time = "2025-10-12T14:25:07.539Z" },
]

[[package]]
name = "infi-systray"
version = "0.1.0"
source = { editable = "." }
dependencies = [
    { name = "comtypes", version = "1.4.12", source = { registry = "https://pypi.org/simple" }, marker = "python_full_version < '3.9'" },
    { name = "comtypes", version = "1.4.13", source = { registry = "https://pypi.org/simple" }, marker = "python_full_version >= '3.9'" },
    { name = "setuptools", version = "75.3.2", source = { registry = "https://pypi.org/simple" }, marker = "python_full_version < '3.9'" },
    { name = "setuptools", version = "80.9.0", source = { registry = "https://pypi.org/simple" }, marker = "python_full_version >= '3.9'" },
]

[package.optional-dependencies]
win11 = [
    { name = "comtypes", version = "1.4.12", source = { registry = "https://pypi.org/simple" }, marker = "python_full_version < '3.9'" },
    { name = "comtypes", version = "1.4.13", source = { registry = "https://pypi.org/simple" }, marker = "python_full_version >= '3.9'" },
]

[package.metadata]
requires-dist = [
    { name = "comtypes", specifier = ">=1.4.12" },
    { name = "comtypes", marker = "extra == 'win11'", specifier = ">=1.1.10" },
    { name = "setuptools" },
]
provides-extras = ["win11"]

[[package]]
name = "setuptools"
version = "75.3.2"
source = { registry = "https://pypi.org/simple" }
resolution-markers = [
    "python_full_version < '3.9'",
]
sdist = { url = "https://files.pythonhosted.org/packages/5c/01/771ea46cce201dd42cff043a5eea929d1c030fb3d1c2ee2729d02ca7814c/setuptools-75.3.2.tar.gz", hash = "sha256:3c1383e1038b68556a382c1e8ded8887cd20141b0eb5708a6c8d277de49364f5", size = 1354489, upload-time = "2025-03-12T00:02:19.004Z" }
wheels = [
    { url = "https://files.pythonhosted.org/packages/15/65/3f0dba35760d902849d39d38c0a72767794b1963227b69a587f8a336d08c/setuptools-75.3.2-py3-none-any.whl", hash = "sha256:90ab613b6583fc02d5369cbca13ea26ea0e182d1df2d943ee9cbe81d4c61add9", size = 1251198, upload-time = "2025-03-12T00:02:17.554Z" },
]

[[package]]
name = "setuptools"
version = "80.9.0"
source = { registry = "https://pypi.org/simple" }
resolution-markers = [
    "python_full_version >= '3.9'",
]
sdist = { url = "https://files.pythonhosted.org/packages/18/5d/3bf57dcd21979b887f014ea83c24ae194cfcd12b9e0fda66b957c69d1fca/setuptools-80.9.0.tar.gz", hash = "sha256:f36b47402ecde768dbfafc46e8e4207b4360c654f1f3bb84475f0a28628fb19c", size = 1319958, upload-time = "2025-05-27T00:56:51.443Z" }
wheels = [
    { url = "https://files.pythonhosted.org/packages/a3/dc/17031897dae0efacfea57dfd3a82fdd2a2aeb58e0ff71b77b87e44edc772/setuptools-80.9.0-py3-none-any.whl", hash = "sha256:062d34222ad13e0cc312a4c02d73f059e86a4acbfbdea8f8f76b28c99f306922", size = 1201486, upload-time = "2025-05-27T00:56:49.664Z" },
]
